
Microsoft Visual Studio Solution File, Format Version 12.00
# Visual Studio Version 16
VisualStudioVersion = 16.0.31624.102
MinimumVisualStudioVersion = 10.0.40219.1
Project("{8BC9CEB8-8B4A-11D0-8D11-00A0C91BC942}") = "fengZhuangTest", "fengZhuangTest\fengZhuangTest.vcxproj", "{0DACF6B5-F56B-477E-973B-D35C3B050471}"
EndProject
Global
	GlobalSection(SolutionConfigurationPlatforms) = preSolution
		Debug|x64 = Debug|x64
		Debug|x86 = Debug|x86
		Release|x64 = Release|x64
		Release|x86 = Release|x86
	EndGlobalSection
	GlobalSection(ProjectConfigurationPlatforms) = postSolution
		{0DACF6B5-F56B-477E-973B-D35C3B050471}.Debug|x64.ActiveCfg = Debug|x64
		{0DACF6B5-F56B-477E-973B-D35C3B050471}.Debug|x64.Build.0 = Debug|x64
		{0DACF6B5-F56B-477E-973B-D35C3B050471}.Debug|x86.ActiveCfg = Debug|Win32
		{0DACF6B5-F56B-477E-973B-D35C3B050471}.Debug|x86.Build.0 = Debug|Win32
		{0DACF6B5-F56B-477E-973B-D35C3B050471}.Release|x64.ActiveCfg = Release|x64
		{0DACF6B5-F56B-477E-973B-D35C3B050471}.Release|x64.Build.0 = Release|x64
		{0DACF6B5-F56B-477E-973B-D35C3B050471}.Release|x86.ActiveCfg = Release|Win32
		{0DACF6B5-F56B-477E-973B-D35C3B050471}.Release|x86.Build.0 = Release|Win32
	EndGlobalSection
	GlobalSection(SolutionProperties) = preSolution
		HideSolutionNode = FALSE
	EndGlobalSection
	GlobalSection(ExtensibilityGlobals) = postSolution
		SolutionGuid = {117DF245-FDFB-44E2-B6EB-9C7D4962E5AA}
	EndGlobalSection
EndGlobal
